
Microsoft Visual Studio Solution File, Format Version 12.00
# Visual Studio 15
VisualStudioVersion = 15.0.26403.7
MinimumVisualStudioVersion = 10.0.40219.1
Project("{2150E333-8FDC-42A3-9474-1A3956D46DE8}") = "Loose files", "Loose files", "{C787BBEE-9AF4-4E60-923E-C67ECB69356F}"
	ProjectSection(SolutionItems) = preProject
		..\.gitignore = ..\.gitignore
		..\LICENSE.md = ..\LICENSE.md
		..\LICENSE.rtf = ..\LICENSE.rtf
		..\MakeInstaller.iss = ..\MakeInstaller.iss
		..\MakePortable.bat = ..\MakePortable.bat
		..\README.md = ..\README.md
		VBACompressionCodec.dll = VBACompressionCodec.dll
	EndProjectSection
EndProject
Project("{FAE04EC0-301F-11D3-BF4B-00C04F79EFBC}") = "VBASync", "VBASync\VBASync.csproj", "{69C03739-3447-441E-AFB2-BAF5F6C52CFE}"
EndProject
Project("{2150E333-8FDC-42A3-9474-1A3956D46DE8}") = "3RDPARTY", "3RDPARTY", "{FFC0997D-CCD5-49D3-A76E-F8AE83E2E890}"
	ProjectSection(SolutionItems) = preProject
		..\3RDPARTY\DiffPlex.txt = ..\3RDPARTY\DiffPlex.txt
		..\3RDPARTY\Ookii.Dialogs.txt = ..\3RDPARTY\Ookii.Dialogs.txt
		..\3RDPARTY\OpenMCDF.txt = ..\3RDPARTY\OpenMCDF.txt
		..\3RDPARTY\SharpZipLib.txt = ..\3RDPARTY\SharpZipLib.txt
		..\3RDPARTY\VBACompressionCodec.txt = ..\3RDPARTY\VBACompressionCodec.txt
	EndProjectSection
EndProject
Project("{FAE04EC0-301F-11D3-BF4B-00C04F79EFBC}") = "VBASync.WPF", "VBASync.WPF\VBASync.WPF.csproj", "{2B02695F-5E12-4CEF-9541-CA134B2F0480}"
EndProject
Project("{FAE04EC0-301F-11D3-BF4B-00C04F79EFBC}") = "VBASync.Tests", "VBASync.Tests\VBASync.Tests.csproj", "{15432F02-5D62-47F7-96A7-372CBDA98D66}"
EndProject
Global
	GlobalSection(SolutionConfigurationPlatforms) = preSolution
		Debug|Any CPU = Debug|Any CPU
		Release|Any CPU = Release|Any CPU
	EndGlobalSection
	GlobalSection(ProjectConfigurationPlatforms) = postSolution
		{69C03739-3447-441E-AFB2-BAF5F6C52CFE}.Debug|Any CPU.ActiveCfg = Debug|Any CPU
		{69C03739-3447-441E-AFB2-BAF5F6C52CFE}.Debug|Any CPU.Build.0 = Debug|Any CPU
		{69C03739-3447-441E-AFB2-BAF5F6C52CFE}.Release|Any CPU.ActiveCfg = Release|Any CPU
		{69C03739-3447-441E-AFB2-BAF5F6C52CFE}.Release|Any CPU.Build.0 = Release|Any CPU
		{2B02695F-5E12-4CEF-9541-CA134B2F0480}.Debug|Any CPU.ActiveCfg = Debug|Any CPU
		{2B02695F-5E12-4CEF-9541-CA134B2F0480}.Debug|Any CPU.Build.0 = Debug|Any CPU
		{2B02695F-5E12-4CEF-9541-CA134B2F0480}.Release|Any CPU.ActiveCfg = Release|Any CPU
		{2B02695F-5E12-4CEF-9541-CA134B2F0480}.Release|Any CPU.Build.0 = Release|Any CPU
		{15432F02-5D62-47F7-96A7-372CBDA98D66}.Debug|Any CPU.ActiveCfg = Debug|Any CPU
		{15432F02-5D62-47F7-96A7-372CBDA98D66}.Debug|Any CPU.Build.0 = Debug|Any CPU
		{15432F02-5D62-47F7-96A7-372CBDA98D66}.Release|Any CPU.ActiveCfg = Release|Any CPU
		{15432F02-5D62-47F7-96A7-372CBDA98D66}.Release|Any CPU.Build.0 = Release|Any CPU
	EndGlobalSection
	GlobalSection(SolutionProperties) = preSolution
		HideSolutionNode = FALSE
	EndGlobalSection
EndGlobal
