
Microsoft Visual Studio Solution File, Format Version 12.00
# Visual Studio 15
VisualStudioVersion = 15.0.26228.9
MinimumVisualStudioVersion = 10.0.40219.1
Project("{2150E333-8FDC-42A3-9474-1A3956D46DE8}") = "Loose files", "Loose files", "{C787BBEE-9AF4-4E60-923E-C67ECB69356F}"
	ProjectSection(SolutionItems) = preProject
		..\.gitignore = ..\.gitignore
		..\LICENSE.md = ..\LICENSE.md
		..\README.md = ..\README.md
		VBACompressionCodec.dll = VBACompressionCodec.dll
	EndProjectSection
EndProject
Project("{FAE04EC0-301F-11D3-BF4B-00C04F79EFBC}") = "VBASync", "VBASync\VBASync.csproj", "{69C03739-3447-441E-AFB2-BAF5F6C52CFE}"
EndProject
Global
	GlobalSection(SolutionConfigurationPlatforms) = preSolution
		Debug|Any CPU = Debug|Any CPU
		Release|Any CPU = Release|Any CPU
	EndGlobalSection
	GlobalSection(ProjectConfigurationPlatforms) = postSolution
		{69C03739-3447-441E-AFB2-BAF5F6C52CFE}.Debug|Any CPU.ActiveCfg = Debug|Any CPU
		{69C03739-3447-441E-AFB2-BAF5F6C52CFE}.Debug|Any CPU.Build.0 = Debug|Any CPU
		{69C03739-3447-441E-AFB2-BAF5F6C52CFE}.Release|Any CPU.ActiveCfg = Release|Any CPU
		{69C03739-3447-441E-AFB2-BAF5F6C52CFE}.Release|Any CPU.Build.0 = Release|Any CPU
	EndGlobalSection
	GlobalSection(SolutionProperties) = preSolution
		HideSolutionNode = FALSE
	EndGlobalSection
EndGlobal
